// !$*UTF8*$!
{
	archiveVersion = 1;
	classes = {
	};
	objectVersion = 46;
	objects = {

/* Begin PBXBuildFile section */
		4409CF421E2D8F300042F33F /* Model.xcdatamodeld in Sources */ = {isa = PBXBuildFile; fileRef = 4409CF401E2D8F300042F33F /* Model.xcdatamodeld */; };
		44C5ED331E2E68B400D8EEBA /* CoreData.framework in Frameworks */ = {isa = PBXBuildFile; fileRef = 44C5ED321E2E68B400D8EEBA /* CoreData.framework */; };
		9C067B921E26513D00DAB358 /* DayViewController.m in Sources */ = {isa = PBXBuildFile; fileRef = 9C067B911E26513D00DAB358 /* DayViewController.m */; };
		9C067B951E2656AA00DAB358 /* RoutineDay.m in Sources */ = {isa = PBXBuildFile; fileRef = 9C067B941E2656AA00DAB358 /* RoutineDay.m */; };
		9C067B971E265FB600DAB358 /* gym_icon1.png in Resources */ = {isa = PBXBuildFile; fileRef = 9C067B961E265FB600DAB358 /* gym_icon1.png */; };
		9C067B9A1E2690C700DAB358 /* EditDayViewController.m in Sources */ = {isa = PBXBuildFile; fileRef = 9C067B991E2690C700DAB358 /* EditDayViewController.m */; };
		9C067B9D1E26C12500DAB358 /* AddExerciseTableViewController.m in Sources */ = {isa = PBXBuildFile; fileRef = 9C067B9C1E26C12400DAB358 /* AddExerciseTableViewController.m */; };
		9C067BA01E26C66A00DAB358 /* CreateSetViewController.m in Sources */ = {isa = PBXBuildFile; fileRef = 9C067B9F1E26C66A00DAB358 /* CreateSetViewController.m */; };
		9C067BA31E26C6AD00DAB358 /* EditSetViewController.m in Sources */ = {isa = PBXBuildFile; fileRef = 9C067BA21E26C6AD00DAB358 /* EditSetViewController.m */; };
		9C405EF41E252F700073AD4F /* workout_fade.png in Resources */ = {isa = PBXBuildFile; fileRef = 9C405EF31E252F700073AD4F /* workout_fade.png */; };
		9C405EF71E25368F0073AD4F /* NewWorkoutViewController.m in Sources */ = {isa = PBXBuildFile; fileRef = 9C405EF61E25368F0073AD4F /* NewWorkoutViewController.m */; };
		9C5EA0C91E2D214600ED5FCF /* Sports Mode Filled-100.png in Resources */ = {isa = PBXBuildFile; fileRef = 9C5EA0C81E2D214600ED5FCF /* Sports Mode Filled-100.png */; };
		9C5EA0CC1E2D255200ED5FCF /* AddWorkoutTableViewController.m in Sources */ = {isa = PBXBuildFile; fileRef = 9C5EA0CB1E2D255200ED5FCF /* AddWorkoutTableViewController.m */; };
		9C5EA0CF1E2D3B8600ED5FCF /* ShowWorkoutDetailTableViewController.m in Sources */ = {isa = PBXBuildFile; fileRef = 9C5EA0CE1E2D3B8600ED5FCF /* ShowWorkoutDetailTableViewController.m */; };
		9C7C9A031E27989C0023D930 /* Exercise.m in Sources */ = {isa = PBXBuildFile; fileRef = 9C7C9A021E27989C0023D930 /* Exercise.m */; };
		9C7C9A061E27AA4F0023D930 /* Set.m in Sources */ = {isa = PBXBuildFile; fileRef = 9C7C9A051E27AA4F0023D930 /* Set.m */; };
		9CA06BF21E1D2DF8004C8168 /* main.m in Sources */ = {isa = PBXBuildFile; fileRef = 9CA06BF11E1D2DF8004C8168 /* main.m */; };
		9CA06BF51E1D2DF8004C8168 /* AppDelegate.m in Sources */ = {isa = PBXBuildFile; fileRef = 9CA06BF41E1D2DF8004C8168 /* AppDelegate.m */; };
		9CA06BFB1E1D2DF8004C8168 /* Main.storyboard in Resources */ = {isa = PBXBuildFile; fileRef = 9CA06BF91E1D2DF8004C8168 /* Main.storyboard */; };
		9CA06BFD1E1D2DF8004C8168 /* Assets.xcassets in Resources */ = {isa = PBXBuildFile; fileRef = 9CA06BFC1E1D2DF8004C8168 /* Assets.xcassets */; };
		9CA06C001E1D2DF8004C8168 /* LaunchScreen.storyboard in Resources */ = {isa = PBXBuildFile; fileRef = 9CA06BFE1E1D2DF8004C8168 /* LaunchScreen.storyboard */; };
		9CA06C0B1E1D2DF8004C8168 /* LiftLogTests.m in Sources */ = {isa = PBXBuildFile; fileRef = 9CA06C0A1E1D2DF8004C8168 /* LiftLogTests.m */; };
		9CA06C161E1D2DF8004C8168 /* LiftLogUITests.m in Sources */ = {isa = PBXBuildFile; fileRef = 9CA06C151E1D2DF8004C8168 /* LiftLogUITests.m */; };
		9CBD6CD71E1DAE3700735E78 /* iphone7.jpg in Resources */ = {isa = PBXBuildFile; fileRef = 9CBD6CD61E1DAE3700735E78 /* iphone7.jpg */; };
		9CBF0FD81E21296A00FC8FFC /* Workouts.m in Sources */ = {isa = PBXBuildFile; fileRef = 9CBF0FD71E21296A00FC8FFC /* Workouts.m */; };
		9CBF0FDB1E212A6300FC8FFC /* HomeViewController.m in Sources */ = {isa = PBXBuildFile; fileRef = 9CBF0FDA1E212A6300FC8FFC /* HomeViewController.m */; };
		9CE529831E23CFD40052D2AB /* WorkoutDetailViewController.m in Sources */ = {isa = PBXBuildFile; fileRef = 9CE529821E23CFD40052D2AB /* WorkoutDetailViewController.m */; };
		9CE5298A1E23F23B0052D2AB /* HistoryCollectionViewController.m in Sources */ = {isa = PBXBuildFile; fileRef = 9CE529841E23F23B0052D2AB /* HistoryCollectionViewController.m */; };
		9CE5298B1E23F23B0052D2AB /* DetailModalViewController.m in Sources */ = {isa = PBXBuildFile; fileRef = 9CE529861E23F23B0052D2AB /* DetailModalViewController.m */; };
		9CE5298C1E23F23B0052D2AB /* CalendarViewController.m in Sources */ = {isa = PBXBuildFile; fileRef = 9CE529891E23F23B0052D2AB /* CalendarViewController.m */; };
		9CE5299E1E23F2450052D2AB /* photo-frame.png in Resources */ = {isa = PBXBuildFile; fileRef = 9CE5298D1E23F2450052D2AB /* photo-frame.png */; };
		9CE5299F1E23F2450052D2AB /* white_chocolate_donut.jpg in Resources */ = {isa = PBXBuildFile; fileRef = 9CE5298E1E23F2450052D2AB /* white_chocolate_donut.jpg */; };
		9CE529A01E23F2450052D2AB /* ham_and_egg_sandwich.jpg in Resources */ = {isa = PBXBuildFile; fileRef = 9CE5298F1E23F2450052D2AB /* ham_and_egg_sandwich.jpg */; };
		9CE529A11E23F2450052D2AB /* hamburger.jpg in Resources */ = {isa = PBXBuildFile; fileRef = 9CE529901E23F2450052D2AB /* hamburger.jpg */; };
		9CE529A21E23F2450052D2AB /* egg_benedict.jpg in Resources */ = {isa = PBXBuildFile; fileRef = 9CE529911E23F2450052D2AB /* egg_benedict.jpg */; };
		9CE529A31E23F2450052D2AB /* ham_and_cheese_panini.jpg in Resources */ = {isa = PBXBuildFile; fileRef = 9CE529921E23F2450052D2AB /* ham_and_cheese_panini.jpg */; };
		9CE529A41E23F2450052D2AB /* mushroom_risotto.jpg in Resources */ = {isa = PBXBuildFile; fileRef = 9CE529931E23F2450052D2AB /* mushroom_risotto.jpg */; };
		9CE529A51E23F2450052D2AB /* full_breakfast.jpg in Resources */ = {isa = PBXBuildFile; fileRef = 9CE529941E23F2450052D2AB /* full_breakfast.jpg */; };
		9CE529A61E23F2450052D2AB /* creme_brelee.jpg in Resources */ = {isa = PBXBuildFile; fileRef = 9CE529951E23F2450052D2AB /* creme_brelee.jpg */; };
		9CE529A71E23F2450052D2AB /* starbucks_coffee.jpg in Resources */ = {isa = PBXBuildFile; fileRef = 9CE529961E23F2450052D2AB /* starbucks_coffee.jpg */; };
		9CE529A81E23F2450052D2AB /* vegetable_curry.jpg in Resources */ = {isa = PBXBuildFile; fileRef = 9CE529971E23F2450052D2AB /* vegetable_curry.jpg */; };
		9CE529A91E23F2450052D2AB /* japanese_noodle_with_pork.jpg in Resources */ = {isa = PBXBuildFile; fileRef = 9CE529981E23F2450052D2AB /* japanese_noodle_with_pork.jpg */; };
		9CE529AA1E23F2450052D2AB /* thai_shrimp_cake.jpg in Resources */ = {isa = PBXBuildFile; fileRef = 9CE529991E23F2450052D2AB /* thai_shrimp_cake.jpg */; };
		9CE529AB1E23F2450052D2AB /* angry_birds_cake.jpg in Resources */ = {isa = PBXBuildFile; fileRef = 9CE5299A1E23F2450052D2AB /* angry_birds_cake.jpg */; };
		9CE529AC1E23F2450052D2AB /* green_tea.jpg in Resources */ = {isa = PBXBuildFile; fileRef = 9CE5299B1E23F2450052D2AB /* green_tea.jpg */; };
		9CE529AD1E23F2450052D2AB /* instant_noodle_with_egg.jpg in Resources */ = {isa = PBXBuildFile; fileRef = 9CE5299C1E23F2450052D2AB /* instant_noodle_with_egg.jpg */; };
		9CE529AE1E23F2450052D2AB /* noodle_with_bbq_pork.jpg in Resources */ = {isa = PBXBuildFile; fileRef = 9CE5299D1E23F2450052D2AB /* noodle_with_bbq_pork.jpg */; };
/* End PBXBuildFile section */

/* Begin PBXContainerItemProxy section */
		9CA06C071E1D2DF8004C8168 /* PBXContainerItemProxy */ = {
			isa = PBXContainerItemProxy;
			containerPortal = 9CA06BE51E1D2DF8004C8168 /* Project object */;
			proxyType = 1;
			remoteGlobalIDString = 9CA06BEC1E1D2DF8004C8168;
			remoteInfo = LiftLog;
		};
		9CA06C121E1D2DF8004C8168 /* PBXContainerItemProxy */ = {
			isa = PBXContainerItemProxy;
			containerPortal = 9CA06BE51E1D2DF8004C8168 /* Project object */;
			proxyType = 1;
			remoteGlobalIDString = 9CA06BEC1E1D2DF8004C8168;
			remoteInfo = LiftLog;
		};
/* End PBXContainerItemProxy section */

/* Begin PBXFileReference section */
		4409CF411E2D8F300042F33F /* Model.xcdatamodel */ = {isa = PBXFileReference; lastKnownFileType = wrapper.xcdatamodel; path = Model.xcdatamodel; sourceTree = "<group>"; };
		44C5ED321E2E68B400D8EEBA /* CoreData.framework */ = {isa = PBXFileReference; lastKnownFileType = wrapper.framework; name = CoreData.framework; path = System/Library/Frameworks/CoreData.framework; sourceTree = SDKROOT; };
		9C067B901E26513D00DAB358 /* DayViewController.h */ = {isa = PBXFileReference; fileEncoding = 4; lastKnownFileType = sourcecode.c.h; path = DayViewController.h; sourceTree = "<group>"; };
		9C067B911E26513D00DAB358 /* DayViewController.m */ = {isa = PBXFileReference; fileEncoding = 4; lastKnownFileType = sourcecode.c.objc; path = DayViewController.m; sourceTree = "<group>"; };
		9C067B931E2656AA00DAB358 /* RoutineDay.h */ = {isa = PBXFileReference; fileEncoding = 4; lastKnownFileType = sourcecode.c.h; path = RoutineDay.h; sourceTree = "<group>"; };
		9C067B941E2656AA00DAB358 /* RoutineDay.m */ = {isa = PBXFileReference; fileEncoding = 4; lastKnownFileType = sourcecode.c.objc; path = RoutineDay.m; sourceTree = "<group>"; };
		9C067B961E265FB600DAB358 /* gym_icon1.png */ = {isa = PBXFileReference; lastKnownFileType = image.png; path = gym_icon1.png; sourceTree = "<group>"; };
		9C067B981E2690C700DAB358 /* EditDayViewController.h */ = {isa = PBXFileReference; fileEncoding = 4; lastKnownFileType = sourcecode.c.h; path = EditDayViewController.h; sourceTree = "<group>"; };
		9C067B991E2690C700DAB358 /* EditDayViewController.m */ = {isa = PBXFileReference; fileEncoding = 4; lastKnownFileType = sourcecode.c.objc; path = EditDayViewController.m; sourceTree = "<group>"; };
		9C067B9B1E26C12400DAB358 /* AddExerciseTableViewController.h */ = {isa = PBXFileReference; fileEncoding = 4; lastKnownFileType = sourcecode.c.h; path = AddExerciseTableViewController.h; sourceTree = "<group>"; };
		9C067B9C1E26C12400DAB358 /* AddExerciseTableViewController.m */ = {isa = PBXFileReference; fileEncoding = 4; lastKnownFileType = sourcecode.c.objc; path = AddExerciseTableViewController.m; sourceTree = "<group>"; };
		9C067B9E1E26C66A00DAB358 /* CreateSetViewController.h */ = {isa = PBXFileReference; fileEncoding = 4; lastKnownFileType = sourcecode.c.h; path = CreateSetViewController.h; sourceTree = "<group>"; };
		9C067B9F1E26C66A00DAB358 /* CreateSetViewController.m */ = {isa = PBXFileReference; fileEncoding = 4; lastKnownFileType = sourcecode.c.objc; path = CreateSetViewController.m; sourceTree = "<group>"; };
		9C067BA11E26C6AD00DAB358 /* EditSetViewController.h */ = {isa = PBXFileReference; fileEncoding = 4; lastKnownFileType = sourcecode.c.h; path = EditSetViewController.h; sourceTree = "<group>"; };
		9C067BA21E26C6AD00DAB358 /* EditSetViewController.m */ = {isa = PBXFileReference; fileEncoding = 4; lastKnownFileType = sourcecode.c.objc; path = EditSetViewController.m; sourceTree = "<group>"; };
		9C405EF31E252F700073AD4F /* workout_fade.png */ = {isa = PBXFileReference; lastKnownFileType = image.png; path = workout_fade.png; sourceTree = "<group>"; };
		9C405EF51E25368F0073AD4F /* NewWorkoutViewController.h */ = {isa = PBXFileReference; fileEncoding = 4; lastKnownFileType = sourcecode.c.h; path = NewWorkoutViewController.h; sourceTree = "<group>"; };
		9C405EF61E25368F0073AD4F /* NewWorkoutViewController.m */ = {isa = PBXFileReference; fileEncoding = 4; lastKnownFileType = sourcecode.c.objc; path = NewWorkoutViewController.m; sourceTree = "<group>"; };
		9C5EA0C81E2D214600ED5FCF /* Sports Mode Filled-100.png */ = {isa = PBXFileReference; lastKnownFileType = image.png; path = "Sports Mode Filled-100.png"; sourceTree = "<group>"; };
		9C5EA0CA1E2D255200ED5FCF /* AddWorkoutTableViewController.h */ = {isa = PBXFileReference; fileEncoding = 4; lastKnownFileType = sourcecode.c.h; path = AddWorkoutTableViewController.h; sourceTree = "<group>"; };
		9C5EA0CB1E2D255200ED5FCF /* AddWorkoutTableViewController.m */ = {isa = PBXFileReference; fileEncoding = 4; lastKnownFileType = sourcecode.c.objc; path = AddWorkoutTableViewController.m; sourceTree = "<group>"; };
		9C5EA0CD1E2D3B8600ED5FCF /* ShowWorkoutDetailTableViewController.h */ = {isa = PBXFileReference; fileEncoding = 4; lastKnownFileType = sourcecode.c.h; path = ShowWorkoutDetailTableViewController.h; sourceTree = "<group>"; };
		9C5EA0CE1E2D3B8600ED5FCF /* ShowWorkoutDetailTableViewController.m */ = {isa = PBXFileReference; fileEncoding = 4; lastKnownFileType = sourcecode.c.objc; path = ShowWorkoutDetailTableViewController.m; sourceTree = "<group>"; };
		9C7C9A011E27989C0023D930 /* Exercise.h */ = {isa = PBXFileReference; fileEncoding = 4; lastKnownFileType = sourcecode.c.h; path = Exercise.h; sourceTree = "<group>"; };
		9C7C9A021E27989C0023D930 /* Exercise.m */ = {isa = PBXFileReference; fileEncoding = 4; lastKnownFileType = sourcecode.c.objc; path = Exercise.m; sourceTree = "<group>"; };
		9C7C9A041E27AA4F0023D930 /* Set.h */ = {isa = PBXFileReference; fileEncoding = 4; lastKnownFileType = sourcecode.c.h; path = Set.h; sourceTree = "<group>"; };
		9C7C9A051E27AA4F0023D930 /* Set.m */ = {isa = PBXFileReference; fileEncoding = 4; lastKnownFileType = sourcecode.c.objc; path = Set.m; sourceTree = "<group>"; };
		9CA06BED1E1D2DF8004C8168 /* LiftLog.app */ = {isa = PBXFileReference; explicitFileType = wrapper.application; includeInIndex = 0; path = LiftLog.app; sourceTree = BUILT_PRODUCTS_DIR; };
		9CA06BF11E1D2DF8004C8168 /* main.m */ = {isa = PBXFileReference; lastKnownFileType = sourcecode.c.objc; path = main.m; sourceTree = "<group>"; };
		9CA06BF31E1D2DF8004C8168 /* AppDelegate.h */ = {isa = PBXFileReference; lastKnownFileType = sourcecode.c.h; path = AppDelegate.h; sourceTree = "<group>"; };
		9CA06BF41E1D2DF8004C8168 /* AppDelegate.m */ = {isa = PBXFileReference; lastKnownFileType = sourcecode.c.objc; path = AppDelegate.m; sourceTree = "<group>"; };
		9CA06BFA1E1D2DF8004C8168 /* Base */ = {isa = PBXFileReference; lastKnownFileType = file.storyboard; name = Base; path = Base.lproj/Main.storyboard; sourceTree = "<group>"; };
		9CA06BFC1E1D2DF8004C8168 /* Assets.xcassets */ = {isa = PBXFileReference; lastKnownFileType = folder.assetcatalog; path = Assets.xcassets; sourceTree = "<group>"; };
		9CA06BFF1E1D2DF8004C8168 /* Base */ = {isa = PBXFileReference; lastKnownFileType = file.storyboard; name = Base; path = Base.lproj/LaunchScreen.storyboard; sourceTree = "<group>"; };
		9CA06C011E1D2DF8004C8168 /* Info.plist */ = {isa = PBXFileReference; lastKnownFileType = text.plist.xml; path = Info.plist; sourceTree = "<group>"; };
		9CA06C061E1D2DF8004C8168 /* LiftLogTests.xctest */ = {isa = PBXFileReference; explicitFileType = wrapper.cfbundle; includeInIndex = 0; path = LiftLogTests.xctest; sourceTree = BUILT_PRODUCTS_DIR; };
		9CA06C0A1E1D2DF8004C8168 /* LiftLogTests.m */ = {isa = PBXFileReference; lastKnownFileType = sourcecode.c.objc; path = LiftLogTests.m; sourceTree = "<group>"; };
		9CA06C0C1E1D2DF8004C8168 /* Info.plist */ = {isa = PBXFileReference; lastKnownFileType = text.plist.xml; path = Info.plist; sourceTree = "<group>"; };
		9CA06C111E1D2DF8004C8168 /* LiftLogUITests.xctest */ = {isa = PBXFileReference; explicitFileType = wrapper.cfbundle; includeInIndex = 0; path = LiftLogUITests.xctest; sourceTree = BUILT_PRODUCTS_DIR; };
		9CA06C151E1D2DF8004C8168 /* LiftLogUITests.m */ = {isa = PBXFileReference; lastKnownFileType = sourcecode.c.objc; path = LiftLogUITests.m; sourceTree = "<group>"; };
		9CA06C171E1D2DF8004C8168 /* Info.plist */ = {isa = PBXFileReference; lastKnownFileType = text.plist.xml; path = Info.plist; sourceTree = "<group>"; };
		9CA375481E2A7FE8000D7FA8 /* WorkoutDayDelegate.h */ = {isa = PBXFileReference; fileEncoding = 4; lastKnownFileType = sourcecode.c.h; path = WorkoutDayDelegate.h; sourceTree = "<group>"; };
		9CBD6CD61E1DAE3700735E78 /* iphone7.jpg */ = {isa = PBXFileReference; lastKnownFileType = image.jpeg; path = iphone7.jpg; sourceTree = "<group>"; };
		9CBF0FD61E21296A00FC8FFC /* Workouts.h */ = {isa = PBXFileReference; fileEncoding = 4; lastKnownFileType = sourcecode.c.h; path = Workouts.h; sourceTree = "<group>"; };
		9CBF0FD71E21296A00FC8FFC /* Workouts.m */ = {isa = PBXFileReference; fileEncoding = 4; lastKnownFileType = sourcecode.c.objc; path = Workouts.m; sourceTree = "<group>"; };
		9CBF0FD91E212A6300FC8FFC /* HomeViewController.h */ = {isa = PBXFileReference; fileEncoding = 4; lastKnownFileType = sourcecode.c.h; name = HomeViewController.h; path = ../HomeViewController.h; sourceTree = "<group>"; };
		9CBF0FDA1E212A6300FC8FFC /* HomeViewController.m */ = {isa = PBXFileReference; fileEncoding = 4; lastKnownFileType = sourcecode.c.objc; name = HomeViewController.m; path = ../HomeViewController.m; sourceTree = "<group>"; };
		9CE529811E23CFD40052D2AB /* WorkoutDetailViewController.h */ = {isa = PBXFileReference; fileEncoding = 4; lastKnownFileType = sourcecode.c.h; path = WorkoutDetailViewController.h; sourceTree = "<group>"; };
		9CE529821E23CFD40052D2AB /* WorkoutDetailViewController.m */ = {isa = PBXFileReference; fileEncoding = 4; lastKnownFileType = sourcecode.c.objc; path = WorkoutDetailViewController.m; sourceTree = "<group>"; };
		9CE529841E23F23B0052D2AB /* HistoryCollectionViewController.m */ = {isa = PBXFileReference; fileEncoding = 4; lastKnownFileType = sourcecode.c.objc; path = HistoryCollectionViewController.m; sourceTree = "<group>"; };
		9CE529851E23F23B0052D2AB /* HistoryCollectionViewController.h */ = {isa = PBXFileReference; fileEncoding = 4; lastKnownFileType = sourcecode.c.h; path = HistoryCollectionViewController.h; sourceTree = "<group>"; };
		9CE529861E23F23B0052D2AB /* DetailModalViewController.m */ = {isa = PBXFileReference; fileEncoding = 4; lastKnownFileType = sourcecode.c.objc; path = DetailModalViewController.m; sourceTree = "<group>"; };
		9CE529871E23F23B0052D2AB /* DetailModalViewController.h */ = {isa = PBXFileReference; fileEncoding = 4; lastKnownFileType = sourcecode.c.h; path = DetailModalViewController.h; sourceTree = "<group>"; };
		9CE529881E23F23B0052D2AB /* CalendarViewController.h */ = {isa = PBXFileReference; fileEncoding = 4; lastKnownFileType = sourcecode.c.h; path = CalendarViewController.h; sourceTree = "<group>"; };
		9CE529891E23F23B0052D2AB /* CalendarViewController.m */ = {isa = PBXFileReference; fileEncoding = 4; lastKnownFileType = sourcecode.c.objc; path = CalendarViewController.m; sourceTree = "<group>"; };
		9CE5298D1E23F2450052D2AB /* photo-frame.png */ = {isa = PBXFileReference; lastKnownFileType = image.png; path = "photo-frame.png"; sourceTree = "<group>"; };
		9CE5298E1E23F2450052D2AB /* white_chocolate_donut.jpg */ = {isa = PBXFileReference; lastKnownFileType = image.jpeg; path = white_chocolate_donut.jpg; sourceTree = "<group>"; };
		9CE5298F1E23F2450052D2AB /* ham_and_egg_sandwich.jpg */ = {isa = PBXFileReference; lastKnownFileType = image.jpeg; path = ham_and_egg_sandwich.jpg; sourceTree = "<group>"; };
		9CE529901E23F2450052D2AB /* hamburger.jpg */ = {isa = PBXFileReference; lastKnownFileType = image.jpeg; path = hamburger.jpg; sourceTree = "<group>"; };
		9CE529911E23F2450052D2AB /* egg_benedict.jpg */ = {isa = PBXFileReference; lastKnownFileType = image.jpeg; path = egg_benedict.jpg; sourceTree = "<group>"; };
		9CE529921E23F2450052D2AB /* ham_and_cheese_panini.jpg */ = {isa = PBXFileReference; lastKnownFileType = image.jpeg; path = ham_and_cheese_panini.jpg; sourceTree = "<group>"; };
		9CE529931E23F2450052D2AB /* mushroom_risotto.jpg */ = {isa = PBXFileReference; lastKnownFileType = image.jpeg; path = mushroom_risotto.jpg; sourceTree = "<group>"; };
		9CE529941E23F2450052D2AB /* full_breakfast.jpg */ = {isa = PBXFileReference; lastKnownFileType = image.jpeg; path = full_breakfast.jpg; sourceTree = "<group>"; };
		9CE529951E23F2450052D2AB /* creme_brelee.jpg */ = {isa = PBXFileReference; lastKnownFileType = image.jpeg; path = creme_brelee.jpg; sourceTree = "<group>"; };
		9CE529961E23F2450052D2AB /* starbucks_coffee.jpg */ = {isa = PBXFileReference; lastKnownFileType = image.jpeg; path = starbucks_coffee.jpg; sourceTree = "<group>"; };
		9CE529971E23F2450052D2AB /* vegetable_curry.jpg */ = {isa = PBXFileReference; lastKnownFileType = image.jpeg; path = vegetable_curry.jpg; sourceTree = "<group>"; };
		9CE529981E23F2450052D2AB /* japanese_noodle_with_pork.jpg */ = {isa = PBXFileReference; lastKnownFileType = image.jpeg; path = japanese_noodle_with_pork.jpg; sourceTree = "<group>"; };
		9CE529991E23F2450052D2AB /* thai_shrimp_cake.jpg */ = {isa = PBXFileReference; lastKnownFileType = image.jpeg; path = thai_shrimp_cake.jpg; sourceTree = "<group>"; };
		9CE5299A1E23F2450052D2AB /* angry_birds_cake.jpg */ = {isa = PBXFileReference; lastKnownFileType = image.jpeg; path = angry_birds_cake.jpg; sourceTree = "<group>"; };
		9CE5299B1E23F2450052D2AB /* green_tea.jpg */ = {isa = PBXFileReference; lastKnownFileType = image.jpeg; path = green_tea.jpg; sourceTree = "<group>"; };
		9CE5299C1E23F2450052D2AB /* instant_noodle_with_egg.jpg */ = {isa = PBXFileReference; lastKnownFileType = image.jpeg; path = instant_noodle_with_egg.jpg; sourceTree = "<group>"; };
		9CE5299D1E23F2450052D2AB /* noodle_with_bbq_pork.jpg */ = {isa = PBXFileReference; lastKnownFileType = image.jpeg; path = noodle_with_bbq_pork.jpg; sourceTree = "<group>"; };
/* End PBXFileReference section */

/* Begin PBXFrameworksBuildPhase section */
		9CA06BEA1E1D2DF8004C8168 /* Frameworks */ = {
			isa = PBXFrameworksBuildPhase;
			buildActionMask = 2147483647;
			files = (
				44C5ED331E2E68B400D8EEBA /* CoreData.framework in Frameworks */,
			);
			runOnlyForDeploymentPostprocessing = 0;
		};
		9CA06C031E1D2DF8004C8168 /* Frameworks */ = {
			isa = PBXFrameworksBuildPhase;
			buildActionMask = 2147483647;
			files = (
			);
			runOnlyForDeploymentPostprocessing = 0;
		};
		9CA06C0E1E1D2DF8004C8168 /* Frameworks */ = {
			isa = PBXFrameworksBuildPhase;
			buildActionMask = 2147483647;
			files = (
			);
			runOnlyForDeploymentPostprocessing = 0;
		};
/* End PBXFrameworksBuildPhase section */

/* Begin PBXGroup section */
		9CA06BE41E1D2DF8004C8168 = {
			isa = PBXGroup;
			children = (
				44C5ED321E2E68B400D8EEBA /* CoreData.framework */,
				9CA06BEF1E1D2DF8004C8168 /* LiftLog */,
				9CA06C091E1D2DF8004C8168 /* LiftLogTests */,
				9CA06C141E1D2DF8004C8168 /* LiftLogUITests */,
				9CA06BEE1E1D2DF8004C8168 /* Products */,
			);
			sourceTree = "<group>";
		};
		9CA06BEE1E1D2DF8004C8168 /* Products */ = {
			isa = PBXGroup;
			children = (
				9CA06BED1E1D2DF8004C8168 /* LiftLog.app */,
				9CA06C061E1D2DF8004C8168 /* LiftLogTests.xctest */,
				9CA06C111E1D2DF8004C8168 /* LiftLogUITests.xctest */,
			);
			name = Products;
			sourceTree = "<group>";
		};
		9CA06BEF1E1D2DF8004C8168 /* LiftLog */ = {
			isa = PBXGroup;
			children = (
				9CE028761E2C05E9005FADAE /* Models */,
				9CE028751E2C0583005FADAE /* CalendarTabClasses */,
				9CE028741E2C054B005FADAE /* HomeTabClasses */,
				9CE028701E2C04F5005FADAE /* HistoryTabClasses */,
				9CA06BF31E1D2DF8004C8168 /* AppDelegate.h */,
				9CA06BF41E1D2DF8004C8168 /* AppDelegate.m */,
				9CA06BF91E1D2DF8004C8168 /* Main.storyboard */,
				9CA06BFC1E1D2DF8004C8168 /* Assets.xcassets */,
				9CA06BFE1E1D2DF8004C8168 /* LaunchScreen.storyboard */,
				9CA06C011E1D2DF8004C8168 /* Info.plist */,
				9CA06BF01E1D2DF8004C8168 /* Supporting Files */,
			);
			path = LiftLog;
			sourceTree = "<group>";
		};
		9CA06BF01E1D2DF8004C8168 /* Supporting Files */ = {
			isa = PBXGroup;
			children = (
				9C5EA0C81E2D214600ED5FCF /* Sports Mode Filled-100.png */,
				9C067B961E265FB600DAB358 /* gym_icon1.png */,
				9C405EF31E252F700073AD4F /* workout_fade.png */,
				9CE5298D1E23F2450052D2AB /* photo-frame.png */,
				9CE5298E1E23F2450052D2AB /* white_chocolate_donut.jpg */,
				9CE5298F1E23F2450052D2AB /* ham_and_egg_sandwich.jpg */,
				9CE529901E23F2450052D2AB /* hamburger.jpg */,
				9CE529911E23F2450052D2AB /* egg_benedict.jpg */,
				9CE529921E23F2450052D2AB /* ham_and_cheese_panini.jpg */,
				9CE529931E23F2450052D2AB /* mushroom_risotto.jpg */,
				9CE529941E23F2450052D2AB /* full_breakfast.jpg */,
				9CE529951E23F2450052D2AB /* creme_brelee.jpg */,
				9CE529961E23F2450052D2AB /* starbucks_coffee.jpg */,
				9CE529971E23F2450052D2AB /* vegetable_curry.jpg */,
				9CE529981E23F2450052D2AB /* japanese_noodle_with_pork.jpg */,
				9CE529991E23F2450052D2AB /* thai_shrimp_cake.jpg */,
				9CE5299A1E23F2450052D2AB /* angry_birds_cake.jpg */,
				9CE5299B1E23F2450052D2AB /* green_tea.jpg */,
				9CE5299C1E23F2450052D2AB /* instant_noodle_with_egg.jpg */,
				9CE5299D1E23F2450052D2AB /* noodle_with_bbq_pork.jpg */,
				9CBD6CD61E1DAE3700735E78 /* iphone7.jpg */,
				9CA06BF11E1D2DF8004C8168 /* main.m */,
			);
			name = "Supporting Files";
			sourceTree = "<group>";
		};
		9CA06C091E1D2DF8004C8168 /* LiftLogTests */ = {
			isa = PBXGroup;
			children = (
				9CA06C0A1E1D2DF8004C8168 /* LiftLogTests.m */,
				9CA06C0C1E1D2DF8004C8168 /* Info.plist */,
			);
			path = LiftLogTests;
			sourceTree = "<group>";
		};
		9CA06C141E1D2DF8004C8168 /* LiftLogUITests */ = {
			isa = PBXGroup;
			children = (
				9CA06C151E1D2DF8004C8168 /* LiftLogUITests.m */,
				9CA06C171E1D2DF8004C8168 /* Info.plist */,
			);
			path = LiftLogUITests;
			sourceTree = "<group>";
		};
		9CE028701E2C04F5005FADAE /* HistoryTabClasses */ = {
			isa = PBXGroup;
			children = (
				9CE529851E23F23B0052D2AB /* HistoryCollectionViewController.h */,
				9CE529841E23F23B0052D2AB /* HistoryCollectionViewController.m */,
				9CE529811E23CFD40052D2AB /* WorkoutDetailViewController.h */,
				9CE529821E23CFD40052D2AB /* WorkoutDetailViewController.m */,
				9CE529871E23F23B0052D2AB /* DetailModalViewController.h */,
				9CE529861E23F23B0052D2AB /* DetailModalViewController.m */,
			);
			name = HistoryTabClasses;
			sourceTree = "<group>";
		};
		9CE028741E2C054B005FADAE /* HomeTabClasses */ = {
			isa = PBXGroup;
			children = (
				9CA375481E2A7FE8000D7FA8 /* WorkoutDayDelegate.h */,
				9CBF0FD91E212A6300FC8FFC /* HomeViewController.h */,
				9CBF0FDA1E212A6300FC8FFC /* HomeViewController.m */,
				9C405EF51E25368F0073AD4F /* NewWorkoutViewController.h */,
				9C405EF61E25368F0073AD4F /* NewWorkoutViewController.m */,
				9C067B901E26513D00DAB358 /* DayViewController.h */,
				9C067B911E26513D00DAB358 /* DayViewController.m */,
				9C067B981E2690C700DAB358 /* EditDayViewController.h */,
				9C067B991E2690C700DAB358 /* EditDayViewController.m */,
				9C067B9B1E26C12400DAB358 /* AddExerciseTableViewController.h */,
				9C067B9C1E26C12400DAB358 /* AddExerciseTableViewController.m */,
				9C067B9E1E26C66A00DAB358 /* CreateSetViewController.h */,
				9C067B9F1E26C66A00DAB358 /* CreateSetViewController.m */,
				9C067BA11E26C6AD00DAB358 /* EditSetViewController.h */,
				9C067BA21E26C6AD00DAB358 /* EditSetViewController.m */,
			);
			name = HomeTabClasses;
			sourceTree = "<group>";
		};
		9CE028751E2C0583005FADAE /* CalendarTabClasses */ = {
			isa = PBXGroup;
			children = (
				9CE529881E23F23B0052D2AB /* CalendarViewController.h */,
				9CE529891E23F23B0052D2AB /* CalendarViewController.m */,
				9C5EA0CA1E2D255200ED5FCF /* AddWorkoutTableViewController.h */,
				9C5EA0CB1E2D255200ED5FCF /* AddWorkoutTableViewController.m */,
				9C5EA0CD1E2D3B8600ED5FCF /* ShowWorkoutDetailTableViewController.h */,
				9C5EA0CE1E2D3B8600ED5FCF /* ShowWorkoutDetailTableViewController.m */,
			);
			name = CalendarTabClasses;
			sourceTree = "<group>";
		};
		9CE028761E2C05E9005FADAE /* Models */ = {
			isa = PBXGroup;
			children = (
				9CBF0FD61E21296A00FC8FFC /* Workouts.h */,
				9CBF0FD71E21296A00FC8FFC /* Workouts.m */,
				9C067B931E2656AA00DAB358 /* RoutineDay.h */,
				9C067B941E2656AA00DAB358 /* RoutineDay.m */,
				9C7C9A011E27989C0023D930 /* Exercise.h */,
				9C7C9A021E27989C0023D930 /* Exercise.m */,
				9C7C9A041E27AA4F0023D930 /* Set.h */,
				9C7C9A051E27AA4F0023D930 /* Set.m */,
			);
			name = Models;
			sourceTree = "<group>";
		};
/* End PBXGroup section */

/* Begin PBXNativeTarget section */
		9CA06BEC1E1D2DF8004C8168 /* LiftLog */ = {
			isa = PBXNativeTarget;
			buildConfigurationList = 9CA06C1A1E1D2DF8004C8168 /* Build configuration list for PBXNativeTarget "LiftLog" */;
			buildPhases = (
				9CA06BE91E1D2DF8004C8168 /* Sources */,
				9CA06BEA1E1D2DF8004C8168 /* Frameworks */,
				9CA06BEB1E1D2DF8004C8168 /* Resources */,
			);
			buildRules = (
			);
			dependencies = (
			);
			name = LiftLog;
			productName = LiftLog;
			productReference = 9CA06BED1E1D2DF8004C8168 /* LiftLog.app */;
			productType = "com.apple.product-type.application";
		};
		9CA06C051E1D2DF8004C8168 /* LiftLogTests */ = {
			isa = PBXNativeTarget;
			buildConfigurationList = 9CA06C1D1E1D2DF8004C8168 /* Build configuration list for PBXNativeTarget "LiftLogTests" */;
			buildPhases = (
				9CA06C021E1D2DF8004C8168 /* Sources */,
				9CA06C031E1D2DF8004C8168 /* Frameworks */,
				9CA06C041E1D2DF8004C8168 /* Resources */,
			);
			buildRules = (
			);
			dependencies = (
				9CA06C081E1D2DF8004C8168 /* PBXTargetDependency */,
			);
			name = LiftLogTests;
			productName = LiftLogTests;
			productReference = 9CA06C061E1D2DF8004C8168 /* LiftLogTests.xctest */;
			productType = "com.apple.product-type.bundle.unit-test";
		};
		9CA06C101E1D2DF8004C8168 /* LiftLogUITests */ = {
			isa = PBXNativeTarget;
			buildConfigurationList = 9CA06C201E1D2DF8004C8168 /* Build configuration list for PBXNativeTarget "LiftLogUITests" */;
			buildPhases = (
				9CA06C0D1E1D2DF8004C8168 /* Sources */,
				9CA06C0E1E1D2DF8004C8168 /* Frameworks */,
				9CA06C0F1E1D2DF8004C8168 /* Resources */,
			);
			buildRules = (
			);
			dependencies = (
				9CA06C131E1D2DF8004C8168 /* PBXTargetDependency */,
			);
			name = LiftLogUITests;
			productName = LiftLogUITests;
			productReference = 9CA06C111E1D2DF8004C8168 /* LiftLogUITests.xctest */;
			productType = "com.apple.product-type.bundle.ui-testing";
		};
/* End PBXNativeTarget section */

/* Begin PBXProject section */
		9CA06BE51E1D2DF8004C8168 /* Project object */ = {
			isa = PBXProject;
			attributes = {
				LastUpgradeCheck = 0710;
				ORGANIZATIONNAME = "Christian Ing";
				TargetAttributes = {
					9CA06BEC1E1D2DF8004C8168 = {
						CreatedOnToolsVersion = 7.1.1;
					};
					9CA06C051E1D2DF8004C8168 = {
						CreatedOnToolsVersion = 7.1.1;
						TestTargetID = 9CA06BEC1E1D2DF8004C8168;
					};
					9CA06C101E1D2DF8004C8168 = {
						CreatedOnToolsVersion = 7.1.1;
						TestTargetID = 9CA06BEC1E1D2DF8004C8168;
					};
				};
			};
			buildConfigurationList = 9CA06BE81E1D2DF8004C8168 /* Build configuration list for PBXProject "LiftLog" */;
			compatibilityVersion = "Xcode 3.2";
			developmentRegion = English;
			hasScannedForEncodings = 0;
			knownRegions = (
				en,
				Base,
			);
			mainGroup = 9CA06BE41E1D2DF8004C8168;
			productRefGroup = 9CA06BEE1E1D2DF8004C8168 /* Products */;
			projectDirPath = "";
			projectRoot = "";
			targets = (
				9CA06BEC1E1D2DF8004C8168 /* LiftLog */,
				9CA06C051E1D2DF8004C8168 /* LiftLogTests */,
				9CA06C101E1D2DF8004C8168 /* LiftLogUITests */,
			);
		};
/* End PBXProject section */

/* Begin PBXResourcesBuildPhase section */
		9CA06BEB1E1D2DF8004C8168 /* Resources */ = {
			isa = PBXResourcesBuildPhase;
			buildActionMask = 2147483647;
			files = (
				9CE529A71E23F2450052D2AB /* starbucks_coffee.jpg in Resources */,
				9CE5299E1E23F2450052D2AB /* photo-frame.png in Resources */,
				9CE529A21E23F2450052D2AB /* egg_benedict.jpg in Resources */,
				9CE529A91E23F2450052D2AB /* japanese_noodle_with_pork.jpg in Resources */,
				9CE529AE1E23F2450052D2AB /* noodle_with_bbq_pork.jpg in Resources */,
				9CE529AD1E23F2450052D2AB /* instant_noodle_with_egg.jpg in Resources */,
				9C067B971E265FB600DAB358 /* gym_icon1.png in Resources */,
				9CE529AA1E23F2450052D2AB /* thai_shrimp_cake.jpg in Resources */,
				9CE529A11E23F2450052D2AB /* hamburger.jpg in Resources */,
				9CE529A61E23F2450052D2AB /* creme_brelee.jpg in Resources */,
				9CE529A81E23F2450052D2AB /* vegetable_curry.jpg in Resources */,
				9CE529A01E23F2450052D2AB /* ham_and_egg_sandwich.jpg in Resources */,
				9CE529A41E23F2450052D2AB /* mushroom_risotto.jpg in Resources */,
				9CE529A51E23F2450052D2AB /* full_breakfast.jpg in Resources */,
				9CBD6CD71E1DAE3700735E78 /* iphone7.jpg in Resources */,
				9CA06C001E1D2DF8004C8168 /* LaunchScreen.storyboard in Resources */,
				9C5EA0C91E2D214600ED5FCF /* Sports Mode Filled-100.png in Resources */,
				9CE529AC1E23F2450052D2AB /* green_tea.jpg in Resources */,
				9CE529AB1E23F2450052D2AB /* angry_birds_cake.jpg in Resources */,
				9CE5299F1E23F2450052D2AB /* white_chocolate_donut.jpg in Resources */,
				9CA06BFD1E1D2DF8004C8168 /* Assets.xcassets in Resources */,
				9C405EF41E252F700073AD4F /* workout_fade.png in Resources */,
				9CA06BFB1E1D2DF8004C8168 /* Main.storyboard in Resources */,
				9CE529A31E23F2450052D2AB /* ham_and_cheese_panini.jpg in Resources */,
			);
			runOnlyForDeploymentPostprocessing = 0;
		};
		9CA06C041E1D2DF8004C8168 /* Resources */ = {
			isa = PBXResourcesBuildPhase;
			buildActionMask = 2147483647;
			files = (
			);
			runOnlyForDeploymentPostprocessing = 0;
		};
		9CA06C0F1E1D2DF8004C8168 /* Resources */ = {
			isa = PBXResourcesBuildPhase;
			buildActionMask = 2147483647;
			files = (
			);
			runOnlyForDeploymentPostprocessing = 0;
		};
/* End PBXResourcesBuildPhase section */

/* Begin PBXSourcesBuildPhase section */
		9CA06BE91E1D2DF8004C8168 /* Sources */ = {
			isa = PBXSourcesBuildPhase;
			buildActionMask = 2147483647;
			files = (
				9C067B951E2656AA00DAB358 /* RoutineDay.m in Sources */,
				9CA06BF51E1D2DF8004C8168 /* AppDelegate.m in Sources */,
				9C067B9D1E26C12500DAB358 /* AddExerciseTableViewController.m in Sources */,
				9C067BA01E26C66A00DAB358 /* CreateSetViewController.m in Sources */,
				9C405EF71E25368F0073AD4F /* NewWorkoutViewController.m in Sources */,
				4409CF421E2D8F300042F33F /* Model.xcdatamodeld in Sources */,
				9CA06BF21E1D2DF8004C8168 /* main.m in Sources */,
				9CBF0FD81E21296A00FC8FFC /* Workouts.m in Sources */,
				9C7C9A061E27AA4F0023D930 /* Set.m in Sources */,
				9C067B9A1E2690C700DAB358 /* EditDayViewController.m in Sources */,
				9C067BA31E26C6AD00DAB358 /* EditSetViewController.m in Sources */,
				9CE5298A1E23F23B0052D2AB /* HistoryCollectionViewController.m in Sources */,
				9CE5298C1E23F23B0052D2AB /* CalendarViewController.m in Sources */,
				9CE5298B1E23F23B0052D2AB /* DetailModalViewController.m in Sources */,
				9CE529831E23CFD40052D2AB /* WorkoutDetailViewController.m in Sources */,
				9C7C9A031E27989C0023D930 /* Exercise.m in Sources */,
				9CBF0FDB1E212A6300FC8FFC /* HomeViewController.m in Sources */,
				9C067B921E26513D00DAB358 /* DayViewController.m in Sources */,
				9C5EA0CC1E2D255200ED5FCF /* AddWorkoutTableViewController.m in Sources */,
				9C5EA0CF1E2D3B8600ED5FCF /* ShowWorkoutDetailTableViewController.m in Sources */,
			);
			runOnlyForDeploymentPostprocessing = 0;
		};
		9CA06C021E1D2DF8004C8168 /* Sources */ = {
			isa = PBXSourcesBuildPhase;
			buildActionMask = 2147483647;
			files = (
				9CA06C0B1E1D2DF8004C8168 /* LiftLogTests.m in Sources */,
			);
			runOnlyForDeploymentPostprocessing = 0;
		};
		9CA06C0D1E1D2DF8004C8168 /* Sources */ = {
			isa = PBXSourcesBuildPhase;
			buildActionMask = 2147483647;
			files = (
				9CA06C161E1D2DF8004C8168 /* LiftLogUITests.m in Sources */,
			);
			runOnlyForDeploymentPostprocessing = 0;
		};
/* End PBXSourcesBuildPhase section */

/* Begin PBXTargetDependency section */
		9CA06C081E1D2DF8004C8168 /* PBXTargetDependency */ = {
			isa = PBXTargetDependency;
			target = 9CA06BEC1E1D2DF8004C8168 /* LiftLog */;
			targetProxy = 9CA06C071E1D2DF8004C8168 /* PBXContainerItemProxy */;
		};
		9CA06C131E1D2DF8004C8168 /* PBXTargetDependency */ = {
			isa = PBXTargetDependency;
			target = 9CA06BEC1E1D2DF8004C8168 /* LiftLog */;
			targetProxy = 9CA06C121E1D2DF8004C8168 /* PBXContainerItemProxy */;
		};
/* End PBXTargetDependency section */

/* Begin PBXVariantGroup section */
		9CA06BF91E1D2DF8004C8168 /* Main.storyboard */ = {
			isa = PBXVariantGroup;
			children = (
				9CA06BFA1E1D2DF8004C8168 /* Base */,
			);
			name = Main.storyboard;
			sourceTree = "<group>";
		};
		9CA06BFE1E1D2DF8004C8168 /* LaunchScreen.storyboard */ = {
			isa = PBXVariantGroup;
			children = (
				9CA06BFF1E1D2DF8004C8168 /* Base */,
			);
			name = LaunchScreen.storyboard;
			sourceTree = "<group>";
		};
/* End PBXVariantGroup section */

/* Begin XCBuildConfiguration section */
		9CA06C181E1D2DF8004C8168 /* Debug */ = {
			isa = XCBuildConfiguration;
			buildSettings = {
				ALWAYS_SEARCH_USER_PATHS = NO;
				CLANG_CXX_LANGUAGE_STANDARD = "gnu++0x";
				CLANG_CXX_LIBRARY = "libc++";
				CLANG_ENABLE_MODULES = YES;
				CLANG_ENABLE_OBJC_ARC = YES;
				CLANG_WARN_BOOL_CONVERSION = YES;
				CLANG_WARN_CONSTANT_CONVERSION = YES;
				CLANG_WARN_DIRECT_OBJC_ISA_USAGE = YES_ERROR;
				CLANG_WARN_EMPTY_BODY = YES;
				CLANG_WARN_ENUM_CONVERSION = YES;
				CLANG_WARN_INT_CONVERSION = YES;
				CLANG_WARN_OBJC_ROOT_CLASS = YES_ERROR;
				CLANG_WARN_UNREACHABLE_CODE = YES;
				CLANG_WARN__DUPLICATE_METHOD_MATCH = YES;
				"CODE_SIGN_IDENTITY[sdk=iphoneos*]" = "iPhone Developer";
				COPY_PHASE_STRIP = NO;
				DEBUG_INFORMATION_FORMAT = dwarf;
				ENABLE_STRICT_OBJC_MSGSEND = YES;
				ENABLE_TESTABILITY = YES;
				GCC_C_LANGUAGE_STANDARD = gnu99;
				GCC_DYNAMIC_NO_PIC = NO;
				GCC_NO_COMMON_BLOCKS = YES;
				GCC_OPTIMIZATION_LEVEL = 0;
				GCC_PREPROCESSOR_DEFINITIONS = (
					"DEBUG=1",
					"$(inherited)",
				);
				GCC_WARN_64_TO_32_BIT_CONVERSION = YES;
				GCC_WARN_ABOUT_RETURN_TYPE = YES_ERROR;
				GCC_WARN_UNDECLARED_SELECTOR = YES;
				GCC_WARN_UNINITIALIZED_AUTOS = YES_AGGRESSIVE;
				GCC_WARN_UNUSED_FUNCTION = YES;
				GCC_WARN_UNUSED_VARIABLE = YES;
				IPHONEOS_DEPLOYMENT_TARGET = 9.1;
				MTL_ENABLE_DEBUG_INFO = YES;
				ONLY_ACTIVE_ARCH = YES;
				SDKROOT = iphoneos;
			};
			name = Debug;
		};
		9CA06C191E1D2DF8004C8168 /* Release */ = {
			isa = XCBuildConfiguration;
			buildSettings = {
				ALWAYS_SEARCH_USER_PATHS = NO;
				CLANG_CXX_LANGUAGE_STANDARD = "gnu++0x";
				CLANG_CXX_LIBRARY = "libc++";
				CLANG_ENABLE_MODULES = YES;
				CLANG_ENABLE_OBJC_ARC = YES;
				CLANG_WARN_BOOL_CONVERSION = YES;
				CLANG_WARN_CONSTANT_CONVERSION = YES;
				CLANG_WARN_DIRECT_OBJC_ISA_USAGE = YES_ERROR;
				CLANG_WARN_EMPTY_BODY = YES;
				CLANG_WARN_ENUM_CONVERSION = YES;
				CLANG_WARN_INT_CONVERSION = YES;
				CLANG_WARN_OBJC_ROOT_CLASS = YES_ERROR;
				CLANG_WARN_UNREACHABLE_CODE = YES;
				CLANG_WARN__DUPLICATE_METHOD_MATCH = YES;
				"CODE_SIGN_IDENTITY[sdk=iphoneos*]" = "iPhone Developer";
				COPY_PHASE_STRIP = NO;
				DEBUG_INFORMATION_FORMAT = "dwarf-with-dsym";
				ENABLE_NS_ASSERTIONS = NO;
				ENABLE_STRICT_OBJC_MSGSEND = YES;
				GCC_C_LANGUAGE_STANDARD = gnu99;
				GCC_NO_COMMON_BLOCKS = YES;
				GCC_WARN_64_TO_32_BIT_CONVERSION = YES;
				GCC_WARN_ABOUT_RETURN_TYPE = YES_ERROR;
				GCC_WARN_UNDECLARED_SELECTOR = YES;
				GCC_WARN_UNINITIALIZED_AUTOS = YES_AGGRESSIVE;
				GCC_WARN_UNUSED_FUNCTION = YES;
				GCC_WARN_UNUSED_VARIABLE = YES;
				IPHONEOS_DEPLOYMENT_TARGET = 9.1;
				MTL_ENABLE_DEBUG_INFO = NO;
				SDKROOT = iphoneos;
				VALIDATE_PRODUCT = YES;
			};
			name = Release;
		};
		9CA06C1B1E1D2DF8004C8168 /* Debug */ = {
			isa = XCBuildConfiguration;
			buildSettings = {
				ASSETCATALOG_COMPILER_APPICON_NAME = AppIcon;
				INFOPLIST_FILE = LiftLog/Info.plist;
				LD_RUNPATH_SEARCH_PATHS = "$(inherited) @executable_path/Frameworks";
				PRODUCT_BUNDLE_IDENTIFIER = com.christianing.LiftLog;
				PRODUCT_NAME = "$(TARGET_NAME)";
			};
			name = Debug;
		};
		9CA06C1C1E1D2DF8004C8168 /* Release */ = {
			isa = XCBuildConfiguration;
			buildSettings = {
				ASSETCATALOG_COMPILER_APPICON_NAME = AppIcon;
				INFOPLIST_FILE = LiftLog/Info.plist;
				LD_RUNPATH_SEARCH_PATHS = "$(inherited) @executable_path/Frameworks";
				PRODUCT_BUNDLE_IDENTIFIER = com.christianing.LiftLog;
				PRODUCT_NAME = "$(TARGET_NAME)";
			};
			name = Release;
		};
		9CA06C1E1E1D2DF8004C8168 /* Debug */ = {
			isa = XCBuildConfiguration;
			buildSettings = {
				BUNDLE_LOADER = "$(TEST_HOST)";
				INFOPLIST_FILE = LiftLogTests/Info.plist;
				LD_RUNPATH_SEARCH_PATHS = "$(inherited) @executable_path/Frameworks @loader_path/Frameworks";
				PRODUCT_BUNDLE_IDENTIFIER = com.christianing.LiftLogTests;
				PRODUCT_NAME = "$(TARGET_NAME)";
				TEST_HOST = "$(BUILT_PRODUCTS_DIR)/LiftLog.app/LiftLog";
			};
			name = Debug;
		};
		9CA06C1F1E1D2DF8004C8168 /* Release */ = {
			isa = XCBuildConfiguration;
			buildSettings = {
				BUNDLE_LOADER = "$(TEST_HOST)";
				INFOPLIST_FILE = LiftLogTests/Info.plist;
				LD_RUNPATH_SEARCH_PATHS = "$(inherited) @executable_path/Frameworks @loader_path/Frameworks";
				PRODUCT_BUNDLE_IDENTIFIER = com.christianing.LiftLogTests;
				PRODUCT_NAME = "$(TARGET_NAME)";
				TEST_HOST = "$(BUILT_PRODUCTS_DIR)/LiftLog.app/LiftLog";
			};
			name = Release;
		};
		9CA06C211E1D2DF8004C8168 /* Debug */ = {
			isa = XCBuildConfiguration;
			buildSettings = {
				INFOPLIST_FILE = LiftLogUITests/Info.plist;
				LD_RUNPATH_SEARCH_PATHS = "$(inherited) @executable_path/Frameworks @loader_path/Frameworks";
				PRODUCT_BUNDLE_IDENTIFIER = com.christianing.LiftLogUITests;
				PRODUCT_NAME = "$(TARGET_NAME)";
				TEST_TARGET_NAME = LiftLog;
				USES_XCTRUNNER = YES;
			};
			name = Debug;
		};
		9CA06C221E1D2DF8004C8168 /* Release */ = {
			isa = XCBuildConfiguration;
			buildSettings = {
				INFOPLIST_FILE = LiftLogUITests/Info.plist;
				LD_RUNPATH_SEARCH_PATHS = "$(inherited) @executable_path/Frameworks @loader_path/Frameworks";
				PRODUCT_BUNDLE_IDENTIFIER = com.christianing.LiftLogUITests;
				PRODUCT_NAME = "$(TARGET_NAME)";
				TEST_TARGET_NAME = LiftLog;
				USES_XCTRUNNER = YES;
			};
			name = Release;
		};
/* End XCBuildConfiguration section */

/* Begin XCConfigurationList section */
		9CA06BE81E1D2DF8004C8168 /* Build configuration list for PBXProject "LiftLog" */ = {
			isa = XCConfigurationList;
			buildConfigurations = (
				9CA06C181E1D2DF8004C8168 /* Debug */,
				9CA06C191E1D2DF8004C8168 /* Release */,
			);
			defaultConfigurationIsVisible = 0;
			defaultConfigurationName = Release;
		};
		9CA06C1A1E1D2DF8004C8168 /* Build configuration list for PBXNativeTarget "LiftLog" */ = {
			isa = XCConfigurationList;
			buildConfigurations = (
				9CA06C1B1E1D2DF8004C8168 /* Debug */,
				9CA06C1C1E1D2DF8004C8168 /* Release */,
			);
			defaultConfigurationIsVisible = 0;
			defaultConfigurationName = Release;
		};
		9CA06C1D1E1D2DF8004C8168 /* Build configuration list for PBXNativeTarget "LiftLogTests" */ = {
			isa = XCConfigurationList;
			buildConfigurations = (
				9CA06C1E1E1D2DF8004C8168 /* Debug */,
				9CA06C1F1E1D2DF8004C8168 /* Release */,
			);
			defaultConfigurationIsVisible = 0;
			defaultConfigurationName = Release;
		};
		9CA06C201E1D2DF8004C8168 /* Build configuration list for PBXNativeTarget "LiftLogUITests" */ = {
			isa = XCConfigurationList;
			buildConfigurations = (
				9CA06C211E1D2DF8004C8168 /* Debug */,
				9CA06C221E1D2DF8004C8168 /* Release */,
			);
			defaultConfigurationIsVisible = 0;
			defaultConfigurationName = Release;
		};
/* End XCConfigurationList section */

/* Begin XCVersionGroup section */
		4409CF401E2D8F300042F33F /* Model.xcdatamodeld */ = {
			isa = XCVersionGroup;
			children = (
				4409CF411E2D8F300042F33F /* Model.xcdatamodel */,
			);
			currentVersion = 4409CF411E2D8F300042F33F /* Model.xcdatamodel */;
			path = Model.xcdatamodeld;
			sourceTree = "<group>";
			versionGroupType = wrapper.xcdatamodel;
		};
/* End XCVersionGroup section */
	};
	rootObject = 9CA06BE51E1D2DF8004C8168 /* Project object */;
}
